
Microsoft Visual Studio Solution File, Format Version 12.00
# Visual Studio Version 17
VisualStudioVersion = 17.11.35327.3
MinimumVisualStudioVersion = 10.0.40219.1
Project("{8BC9CEB8-8B4A-11D0-8D11-00A0C91BC942}") = "第四次实验", "第四次实验\第四次实验.vcxproj", "{9C21099B-4275-4667-BC95-BA45A6BEEEED}"
EndProject
Global
	GlobalSection(SolutionConfigurationPlatforms) = preSolution
		Debug|x64 = Debug|x64
		Debug|x86 = Debug|x86
		Release|x64 = Release|x64
		Release|x86 = Release|x86
	EndGlobalSection
	GlobalSection(ProjectConfigurationPlatforms) = postSolution
		{9C21099B-4275-4667-BC95-BA45A6BEEEED}.Debug|x64.ActiveCfg = Debug|x64
		{9C21099B-4275-4667-BC95-BA45A6BEEEED}.Debug|x64.Build.0 = Debug|x64
		{9C21099B-4275-4667-BC95-BA45A6BEEEED}.Debug|x86.ActiveCfg = Debug|Win32
		{9C21099B-4275-4667-BC95-BA45A6BEEEED}.Debug|x86.Build.0 = Debug|Win32
		{9C21099B-4275-4667-BC95-BA45A6BEEEED}.Release|x64.ActiveCfg = Release|x64
		{9C21099B-4275-4667-BC95-BA45A6BEEEED}.Release|x64.Build.0 = Release|x64
		{9C21099B-4275-4667-BC95-BA45A6BEEEED}.Release|x86.ActiveCfg = Release|Win32
		{9C21099B-4275-4667-BC95-BA45A6BEEEED}.Release|x86.Build.0 = Release|Win32
	EndGlobalSection
	GlobalSection(SolutionProperties) = preSolution
		HideSolutionNode = FALSE
	EndGlobalSection
	GlobalSection(ExtensibilityGlobals) = postSolution
		SolutionGuid = {90C35AF2-F4B0-4AF7-92ED-B3C223234969}
	EndGlobalSection
EndGlobal
